{
  "version": 4,
  "terraform_version": "1.5.3",
  "serial": 23,
  "lineage": "73e2fb57-cb4f-0971-820f-fba126b38710",
  "outputs": {
    "kubernetes_cluster_host": {
      "value": "10.13.0.2",
      "type": "string"
    },
    "kubernetes_cluster_name": {
      "value": "gke-cluster",
      "type": "string"
    }
  },
  "resources": [
    {
      "mode": "managed",
      "type": "google_compute_address",
      "name": "internal-ip-addr",
      "provider": "provider[\"registry.terraform.io/hashicorp/google\"]",
      "instances": [
        {
          "schema_version": 0,
          "attributes": {
            "address": "10.0.0.7",
            "address_type": "INTERNAL",
            "creation_timestamp": "2023-08-30T11:15:59.397-07:00",
            "description": "An internal IP address for the jump host",
            "id": "projects/terraform-infra-397515/regions/europe-west2/addresses/jump-host-ip",
            "name": "jump-host-ip",
            "network": "",
            "network_tier": "PREMIUM",
            "prefix_length": 0,
            "project": "terraform-infra-397515",
            "purpose": "GCE_ENDPOINT",
            "region": "europe-west2",
            "self_link": "https://www.googleapis.com/compute/v1/projects/terraform-infra-397515/regions/europe-west2/addresses/jump-host-ip",
            "subnetwork": "https://www.googleapis.com/compute/v1/projects/terraform-infra-397515/regions/europe-west2/subnetworks/terraform-infra-subnet-europe-west2",
            "timeouts": null,
            "users": [
              "https://www.googleapis.com/compute/v1/projects/terraform-infra-397515/zones/europe-west2-a/instances/jump-host"
            ]
          },
          "sensitive_attributes": [],
          "private": "eyJlMmJmYjczMC1lY2FhLTExZTYtOGY4OC0zNDM2M2JjN2M0YzAiOnsiY3JlYXRlIjoyNDAwMDAwMDAwMDAsImRlbGV0ZSI6MjQwMDAwMDAwMDAwfX0=",
          "dependencies": [
            "google_compute_network.vpc-terraform",
            "google_compute_subnetwork.subnet-europe-west2"
          ]
        }
      ]
    },
    {
      "mode": "managed",
      "type": "google_compute_firewall",
      "name": "firewall-rules",
      "provider": "provider[\"registry.terraform.io/hashicorp/google\"]",
      "instances": [
        {
          "schema_version": 1,
          "attributes": {
            "allow": [
              {
                "ports": [
                  "22"
                ],
                "protocol": "tcp"
              }
            ],
            "creation_timestamp": "2023-08-30T11:15:59.363-07:00",
            "deny": [],
            "description": "",
            "destination_ranges": [],
            "direction": "INGRESS",
            "disabled": false,
            "enable_logging": null,
            "id": "projects/terraform-infra-397515/global/firewalls/allow-ssh",
            "log_config": [],
            "name": "allow-ssh",
            "network": "https://www.googleapis.com/compute/v1/projects/terraform-infra-397515/global/networks/terraform-infra-network",
            "priority": 1000,
            "project": "terraform-infra-397515",
            "self_link": "https://www.googleapis.com/compute/v1/projects/terraform-infra-397515/global/firewalls/allow-ssh",
            "source_ranges": [
              "35.235.240.0/20"
            ],
            "source_service_accounts": [],
            "source_tags": [],
            "target_service_accounts": [],
            "target_tags": [],
            "timeouts": null
          },
          "sensitive_attributes": [],
          "private": "eyJlMmJmYjczMC1lY2FhLTExZTYtOGY4OC0zNDM2M2JjN2M0YzAiOnsiY3JlYXRlIjoyNDAwMDAwMDAwMDAsImRlbGV0ZSI6MjQwMDAwMDAwMDAwLCJ1cGRhdGUiOjI0MDAwMDAwMDAwMH0sInNjaGVtYV92ZXJzaW9uIjoiMSJ9",
          "dependencies": [
            "google_compute_network.vpc-terraform"
          ]
        }
      ]
    },
    {
      "mode": "managed",
      "type": "google_compute_instance",
      "name": "jump-host-vm",
      "provider": "provider[\"registry.terraform.io/hashicorp/google\"]",
      "instances": [
        {
          "schema_version": 6,
          "attributes": {
            "advanced_machine_features": [],
            "allow_stopping_for_update": null,
            "attached_disk": [],
            "boot_disk": [
              {
                "auto_delete": true,
                "device_name": "persistent-disk-0",
                "disk_encryption_key_raw": "",
                "disk_encryption_key_sha256": "",
                "initialize_params": [
                  {
                    "image": "https://www.googleapis.com/compute/v1/projects/debian-cloud/global/images/debian-11-bullseye-v20230814",
                    "labels": {},
                    "size": 10,
                    "type": "pd-standard"
                  }
                ],
                "kms_key_self_link": "",
                "mode": "READ_WRITE",
                "source": "https://www.googleapis.com/compute/v1/projects/terraform-infra-397515/zones/europe-west2-a/disks/jump-host"
              }
            ],
            "can_ip_forward": false,
            "confidential_instance_config": [],
            "cpu_platform": "Intel Broadwell",
            "current_status": "RUNNING",
            "deletion_protection": false,
            "description": "",
            "desired_status": null,
            "enable_display": false,
            "guest_accelerator": [],
            "hostname": "",
            "id": "projects/terraform-infra-397515/zones/europe-west2-a/instances/jump-host",
            "instance_id": "7366452923942975888",
            "label_fingerprint": "42WmSpB8rSM=",
            "labels": {},
            "machine_type": "e2-micro",
            "metadata": {},
            "metadata_fingerprint": "uat58-i6Vk0=",
            "metadata_startup_script": null,
            "min_cpu_platform": "",
            "name": "jump-host",
            "network_interface": [
              {
                "access_config": [],
                "alias_ip_range": [],
                "ipv6_access_config": [],
                "ipv6_access_type": "",
                "name": "nic0",
                "network": "https://www.googleapis.com/compute/v1/projects/terraform-infra-397515/global/networks/terraform-infra-network",
                "network_ip": "10.0.0.7",
                "nic_type": "",
                "queue_count": 0,
                "stack_type": "IPV4_ONLY",
                "subnetwork": "https://www.googleapis.com/compute/v1/projects/terraform-infra-397515/regions/europe-west2/subnetworks/terraform-infra-subnet-europe-west2",
                "subnetwork_project": "terraform-infra-397515"
              }
            ],
            "project": "terraform-infra-397515",
            "reservation_affinity": [],
            "resource_policies": [],
            "scheduling": [
              {
                "automatic_restart": true,
                "min_node_cpus": 0,
                "node_affinities": [],
                "on_host_maintenance": "MIGRATE",
                "preemptible": false
              }
            ],
            "scratch_disk": [],
            "self_link": "https://www.googleapis.com/compute/v1/projects/terraform-infra-397515/zones/europe-west2-a/instances/jump-host",
            "service_account": [],
            "shielded_instance_config": [
              {
                "enable_integrity_monitoring": true,
                "enable_secure_boot": false,
                "enable_vtpm": true
              }
            ],
            "tags": [],
            "tags_fingerprint": "42WmSpB8rSM=",
            "timeouts": null,
            "zone": "europe-west2-a"
          },
          "sensitive_attributes": [],
          "private": "eyJlMmJmYjczMC1lY2FhLTExZTYtOGY4OC0zNDM2M2JjN2M0YzAiOnsiY3JlYXRlIjoxMjAwMDAwMDAwMDAwLCJkZWxldGUiOjEyMDAwMDAwMDAwMDAsInVwZGF0ZSI6MTIwMDAwMDAwMDAwMH0sInNjaGVtYV92ZXJzaW9uIjoiNiJ9",
          "dependencies": [
            "google_compute_address.internal-ip-addr",
            "google_compute_network.vpc-terraform",
            "google_compute_subnetwork.subnet-europe-west2"
          ]
        }
      ]
    },
    {
      "mode": "managed",
      "type": "google_compute_network",
      "name": "vpc-terraform",
      "provider": "provider[\"registry.terraform.io/hashicorp/google\"]",
      "instances": [
        {
          "schema_version": 0,
          "attributes": {
            "auto_create_subnetworks": false,
            "delete_default_routes_on_create": false,
            "description": "",
            "gateway_ipv4": "",
            "id": "projects/terraform-infra-397515/global/networks/terraform-infra-network",
            "mtu": 0,
            "name": "terraform-infra-network",
            "project": "terraform-infra-397515",
            "routing_mode": "REGIONAL",
            "self_link": "https://www.googleapis.com/compute/v1/projects/terraform-infra-397515/global/networks/terraform-infra-network",
            "timeouts": null
          },
          "sensitive_attributes": [],
          "private": "eyJlMmJmYjczMC1lY2FhLTExZTYtOGY4OC0zNDM2M2JjN2M0YzAiOnsiY3JlYXRlIjoyNDAwMDAwMDAwMDAsImRlbGV0ZSI6MjQwMDAwMDAwMDAwLCJ1cGRhdGUiOjI0MDAwMDAwMDAwMH19"
        }
      ]
    },
    {
      "mode": "managed",
      "type": "google_compute_router",
      "name": "router",
      "provider": "provider[\"registry.terraform.io/hashicorp/google\"]",
      "instances": [
        {
          "schema_version": 0,
          "attributes": {
            "bgp": [],
            "creation_timestamp": "2023-08-30T11:15:59.376-07:00",
            "description": "",
            "encrypted_interconnect_router": false,
            "id": "projects/terraform-infra-397515/regions/europe-west2/routers/nat-router",
            "name": "nat-router",
            "network": "https://www.googleapis.com/compute/v1/projects/terraform-infra-397515/global/networks/terraform-infra-network",
            "project": "terraform-infra-397515",
            "region": "europe-west2",
            "self_link": "https://www.googleapis.com/compute/v1/projects/terraform-infra-397515/regions/europe-west2/routers/nat-router",
            "timeouts": null
          },
          "sensitive_attributes": [],
          "private": "eyJlMmJmYjczMC1lY2FhLTExZTYtOGY4OC0zNDM2M2JjN2M0YzAiOnsiY3JlYXRlIjoyNDAwMDAwMDAwMDAsImRlbGV0ZSI6MjQwMDAwMDAwMDAwLCJ1cGRhdGUiOjI0MDAwMDAwMDAwMH19",
          "dependencies": [
            "google_compute_network.vpc-terraform"
          ]
        }
      ]
    },
    {
      "mode": "managed",
      "type": "google_compute_subnetwork",
      "name": "subnet-europe-west2",
      "provider": "provider[\"registry.terraform.io/hashicorp/google\"]",
      "instances": [
        {
          "schema_version": 0,
          "attributes": {
            "creation_timestamp": "2023-08-30T10:51:52.763-07:00",
            "description": "",
            "external_ipv6_prefix": "",
            "fingerprint": null,
            "gateway_address": "10.0.0.1",
            "id": "projects/terraform-infra-397515/regions/europe-west2/subnetworks/terraform-infra-subnet-europe-west2",
            "ip_cidr_range": "10.0.0.0/24",
            "ipv6_access_type": "",
            "ipv6_cidr_range": "",
            "log_config": [],
            "name": "terraform-infra-subnet-europe-west2",
            "network": "https://www.googleapis.com/compute/v1/projects/terraform-infra-397515/global/networks/terraform-infra-network",
            "private_ip_google_access": false,
            "private_ipv6_google_access": "DISABLE_GOOGLE_ACCESS",
            "project": "terraform-infra-397515",
            "purpose": "PRIVATE",
            "region": "europe-west2",
            "role": "",
            "secondary_ip_range": [
              {
                "ip_cidr_range": "10.11.0.0/21",
                "range_name": "gke-gke-cluster-pods-fd7e3b52"
              },
              {
                "ip_cidr_range": "10.12.0.0/21",
                "range_name": "gke-gke-cluster-services-fd7e3b52"
              }
            ],
            "self_link": "https://www.googleapis.com/compute/v1/projects/terraform-infra-397515/regions/europe-west2/subnetworks/terraform-infra-subnet-europe-west2",
            "stack_type": "IPV4_ONLY",
            "timeouts": null
          },
          "sensitive_attributes": [],
          "private": "eyJlMmJmYjczMC1lY2FhLTExZTYtOGY4OC0zNDM2M2JjN2M0YzAiOnsiY3JlYXRlIjozNjAwMDAwMDAwMDAsImRlbGV0ZSI6MzYwMDAwMDAwMDAwLCJ1cGRhdGUiOjM2MDAwMDAwMDAwMH19",
          "dependencies": [
            "google_compute_network.vpc-terraform"
          ]
        }
      ]
    },
    {
      "mode": "managed",
      "type": "google_container_cluster",
      "name": "gke-cluster",
      "provider": "provider[\"registry.terraform.io/hashicorp/google\"]",
      "instances": [
        {
          "schema_version": 1,
          "attributes": {
            "addons_config": [
              {
                "cloudrun_config": [],
                "horizontal_pod_autoscaling": [],
                "http_load_balancing": [],
                "network_policy_config": [
                  {
                    "disabled": true
                  }
                ]
              }
            ],
            "authenticator_groups_config": [],
            "cluster_autoscaling": [
              {
                "auto_provisioning_defaults": [],
                "enabled": false,
                "resource_limits": []
              }
            ],
            "cluster_ipv4_cidr": "10.11.0.0/21",
            "confidential_nodes": [],
            "database_encryption": [
              {
                "key_name": "",
                "state": "DECRYPTED"
              }
            ],
            "datapath_provider": "",
            "default_max_pods_per_node": 110,
            "default_snat_status": [
              {
                "disabled": false
              }
            ],
            "description": "",
            "dns_config": [],
            "enable_autopilot": false,
            "enable_binary_authorization": false,
            "enable_intranode_visibility": false,
            "enable_kubernetes_alpha": false,
            "enable_legacy_abac": false,
            "enable_shielded_nodes": true,
            "enable_tpu": false,
            "endpoint": "10.13.0.2",
            "id": "projects/terraform-infra-397515/locations/europe-west2-a/clusters/gke-cluster",
            "initial_node_count": 1,
            "ip_allocation_policy": [
              {
                "cluster_ipv4_cidr_block": "10.11.0.0/21",
                "cluster_secondary_range_name": "gke-gke-cluster-pods-fd7e3b52",
                "services_ipv4_cidr_block": "10.12.0.0/21",
                "services_secondary_range_name": "gke-gke-cluster-services-fd7e3b52"
              }
            ],
            "label_fingerprint": "a9dc16a7",
            "location": "europe-west2-a",
            "logging_config": [
              {
                "enable_components": [
                  "SYSTEM_COMPONENTS",
                  "WORKLOADS"
                ]
              }
            ],
            "logging_service": "logging.googleapis.com/kubernetes",
            "maintenance_policy": [],
            "master_auth": [
              {
                "client_certificate": "",
                "client_certificate_config": [
                  {
                    "issue_client_certificate": false
                  }
                ],
                "client_key": "",
                "cluster_ca_certificate": "LS0tLS1CRUdJTiBDRVJUSUZJQ0FURS0tLS0tCk1JSUVMRENDQXBTZ0F3SUJBZ0lRUE5FbGpJSEhER2Q3TFM3eTUydFNXVEFOQmdrcWhraUc5dzBCQVFzRkFEQXYKTVMwd0t3WURWUVFERXlRME1UZGpZek5sTWkxaE9XRTVMVFJsT0RVdE9USTFOQzAxWlRJelpHSXpOekV6WXpFdwpJQmNOTWpNd09ETXdNVGN4TlRVNVdoZ1BNakExTXpBNE1qSXhPREUxTlRsYU1DOHhMVEFyQmdOVkJBTVRKRFF4Ck4yTmpNMlV5TFdFNVlUa3ROR1U0TlMwNU1qVTBMVFZsTWpOa1lqTTNNVE5qTVRDQ0FhSXdEUVlKS29aSWh2Y04KQVFFQkJRQURnZ0dQQURDQ0FZb0NnZ0dCQU1RRnd5OG5sajRKOEZkZGw5T0hhLzBsSjQxWWlIQVM4Mk84ZzYxOQpEMDBoZDFMeGJtb1ZmSzJQSVdJWjlxU0ZuYkpGeWhqMkg4U2NDY2NkdXVwdGFrTXl2dEozVzIxNTh3VmNURTFsCjBDWXRVMmN3a0l5NHkyTlRqdjAvd0NycjVTTENXQWZ1WXZWR1hLT3lVWGJZRksxY3NXVjF0eVBXcnE1RTd1TVcKdnJtN05XVUNzWmNrSjhYRmNFbXVVRi9UQ2JnN2M0UHdoZk9tZ1RBbG1hc1I2eU5nSTI5RER0MlFtOXBHQUF0cgp4OTA1WHdPeC9zRCs5b3krYk14ME9rQUYxcTNuWWFleDRnYkJOOVBwcTFuM2kvYXJ1TG82WUJjZ2dxSXJQSE5XCkF2K250MlNqNXhhdjNCVE03QXFKUG5qc1BQRTVtbGVDYmFDR2FwVkZRS3F2VGh6ZEl5U3cyOW1UY1dEMGowWTIKdVhPWkdON2syR1Z1cTZyb0R3YVlKTFhneUlJdmtHUldEc1o1cUl0c1Mrd09WaFVBVS9oUVZQR0d0RG02YzVyOApRb2lCYU4ya1dKa05TVmRWWWpFekxrSTlyTHAwWGlEWmd0anFYekVnR1VTUHhhR0FHKzlaZnc1YmdGb0VjcWdvCmNVN0w1SHZQVU1SYmRhYURmeEhTN2VZKzN3SURBUUFCbzBJd1FEQU9CZ05WSFE4QkFmOEVCQU1DQWdRd0R3WUQKVlIwVEFRSC9CQVV3QXdFQi96QWRCZ05WSFE0RUZnUVVPb2x2T3ZoYjJqNCt6ckhra3NJTmxGdlRmYmt3RFFZSgpLb1pJaHZjTkFRRUxCUUFEZ2dHQkFKRDRzYUpuRzJSdjV5N2lXT2hId09ZK0dXRzRnTGNiZERIVjV1OE9MMFVMCm41V0VMWHpVZXZZbUZOQnhBTTUxNHUyS1E0YjdQQ1ZDeVhlS3BPY05WOXl6bjJzWjh5cmlBRVJucnl6UGFleHgKRlB0SWNmdTJUdSt1a1RrYkZEVWNGcHlJeEVITE1SSkpQR2RHb0lLVHEzeUNrM2Jqa0Q0enYwVTRsUEpUSVlJbgoxMGRCaDRTTjR5KzVxYWlUVU9oR1YxcTJVeE1LM21uQ283OEFoaGdzUGVISEFIakkrOWsvZVJQeUZ2YU5pQzhhCnROdTJjcDNTakNoNUJ5NmYrSHJPajlGNzcyVmJoMUVzSjYwMXdsRFlhMU40WlBySlN4a2FiSkF1QWRjYXdCU0wKSnNRaFgraDBaUkFCczliMnRFR0NlQ0IvOTlyWE1sdGdrNzcraXNiMkdzK0V2VmQ1RmdYaDN4RDZaQUMvQWhHSAo1Q0tuenlqMVFMR1Z3Q1VTMHI1NTlrVGNpTFQ4ejlITWxqRHE4UzBZZmFNeGxUb21xVDNtSFJUWHplZHZVakpqCmpudkRoTnJ6MEZtTUZqSmlZd1pNcDNYSkI2b242dGJ0ZmlUNWxHVytMUnVVZVd2akJoMUVMU3Zrb1A0Y1ZBUzMKK1Q3djR5R0lJWUI3bkdGVlVwdFFFZz09Ci0tLS0tRU5EIENFUlRJRklDQVRFLS0tLS0K"
              }
            ],
            "master_authorized_networks_config": [
              {
                "cidr_blocks": [
                  {
                    "cidr_block": "10.0.0.7/32",
                    "display_name": "authorised_ip"
                  }
                ]
              }
            ],
            "master_version": "1.27.3-gke.100",
            "min_master_version": null,
            "monitoring_config": [
              {
                "enable_components": [
                  "SYSTEM_COMPONENTS"
                ]
              }
            ],
            "monitoring_service": "monitoring.googleapis.com/kubernetes",
            "name": "gke-cluster",
            "network": "projects/terraform-infra-397515/global/networks/terraform-infra-network",
            "network_policy": [
              {
                "enabled": false,
                "provider": "PROVIDER_UNSPECIFIED"
              }
            ],
            "networking_mode": "VPC_NATIVE",
            "node_config": [
              {
                "boot_disk_kms_key": "",
                "disk_size_gb": 100,
                "disk_type": "pd-balanced",
                "gcfs_config": [],
                "guest_accelerator": [],
                "image_type": "COS_CONTAINERD",
                "labels": {},
                "local_ssd_count": 0,
                "machine_type": "e2-medium",
                "metadata": {
                  "disable-legacy-endpoints": "true"
                },
                "min_cpu_platform": "",
                "node_group": "",
                "oauth_scopes": [
                  "https://www.googleapis.com/auth/devstorage.read_only",
                  "https://www.googleapis.com/auth/logging.write",
                  "https://www.googleapis.com/auth/monitoring",
                  "https://www.googleapis.com/auth/service.management.readonly",
                  "https://www.googleapis.com/auth/servicecontrol",
                  "https://www.googleapis.com/auth/trace.append"
                ],
                "preemptible": false,
                "service_account": "default",
                "shielded_instance_config": [
                  {
                    "enable_integrity_monitoring": true,
                    "enable_secure_boot": false
                  }
                ],
                "tags": [],
                "taint": [],
                "workload_metadata_config": []
              }
            ],
            "node_locations": [],
            "node_pool": [
              {
                "autoscaling": [],
                "initial_node_count": 1,
                "instance_group_urls": [
                  "https://www.googleapis.com/compute/v1/projects/terraform-infra-397515/zones/europe-west2-a/instanceGroupManagers/gke-gke-cluster-default-pool-153d567a-grp"
                ],
                "managed_instance_group_urls": [
                  "https://www.googleapis.com/compute/v1/projects/terraform-infra-397515/zones/europe-west2-a/instanceGroups/gke-gke-cluster-default-pool-153d567a-grp"
                ],
                "management": [
                  {
                    "auto_repair": true,
                    "auto_upgrade": true
                  }
                ],
                "max_pods_per_node": 110,
                "name": "default-pool",
                "name_prefix": "",
                "node_config": [
                  {
                    "boot_disk_kms_key": "",
                    "disk_size_gb": 100,
                    "disk_type": "pd-balanced",
                    "gcfs_config": [],
                    "guest_accelerator": [],
                    "image_type": "COS_CONTAINERD",
                    "labels": {},
                    "local_ssd_count": 0,
                    "machine_type": "e2-medium",
                    "metadata": {
                      "disable-legacy-endpoints": "true"
                    },
                    "min_cpu_platform": "",
                    "node_group": "",
                    "oauth_scopes": [
                      "https://www.googleapis.com/auth/devstorage.read_only",
                      "https://www.googleapis.com/auth/logging.write",
                      "https://www.googleapis.com/auth/monitoring",
                      "https://www.googleapis.com/auth/service.management.readonly",
                      "https://www.googleapis.com/auth/servicecontrol",
                      "https://www.googleapis.com/auth/trace.append"
                    ],
                    "preemptible": false,
                    "service_account": "default",
                    "shielded_instance_config": [
                      {
                        "enable_integrity_monitoring": true,
                        "enable_secure_boot": false
                      }
                    ],
                    "tags": [],
                    "taint": [],
                    "workload_metadata_config": []
                  }
                ],
                "node_count": 1,
                "node_locations": [
                  "europe-west2-a"
                ],
                "upgrade_settings": [
                  {
                    "max_surge": 1,
                    "max_unavailable": 0
                  }
                ],
                "version": "1.27.3-gke.100"
              }
            ],
            "node_version": "1.27.3-gke.100",
            "operation": null,
            "private_cluster_config": [
              {
                "enable_private_endpoint": true,
                "enable_private_nodes": true,
                "master_global_access_config": [
                  {
                    "enabled": false
                  }
                ],
                "master_ipv4_cidr_block": "10.13.0.0/28",
                "peering_name": "gke-n528e661921a6e1cde63-9170-b6e4-peer",
                "private_endpoint": "10.13.0.2",
                "public_endpoint": "34.89.110.219"
              }
            ],
            "private_ipv6_google_access": "",
            "project": "terraform-infra-397515",
            "release_channel": [
              {
                "channel": "REGULAR"
              }
            ],
            "remove_default_node_pool": null,
            "resource_labels": {},
            "resource_usage_export_config": [],
            "self_link": "https://container.googleapis.com/v1/projects/terraform-infra-397515/zones/europe-west2-a/clusters/gke-cluster",
            "services_ipv4_cidr": "10.12.0.0/21",
            "subnetwork": "projects/terraform-infra-397515/regions/europe-west2/subnetworks/terraform-infra-subnet-europe-west2",
            "timeouts": null,
            "tpu_ipv4_cidr_block": "",
            "vertical_pod_autoscaling": [],
            "workload_identity_config": []
          },
          "sensitive_attributes": [],
          "private": "eyJlMmJmYjczMC1lY2FhLTExZTYtOGY4OC0zNDM2M2JjN2M0YzAiOnsiY3JlYXRlIjoyNDAwMDAwMDAwMDAwLCJkZWxldGUiOjI0MDAwMDAwMDAwMDAsInJlYWQiOjI0MDAwMDAwMDAwMDAsInVwZGF0ZSI6MzYwMDAwMDAwMDAwMH0sInNjaGVtYV92ZXJzaW9uIjoiMSJ9",
          "dependencies": [
            "google_compute_network.vpc-terraform",
            "google_compute_subnetwork.subnet-europe-west2"
          ]
        }
      ]
    },
    {
      "mode": "managed",
      "type": "google_container_node_pool",
      "name": "gke-node-pool",
      "provider": "provider[\"registry.terraform.io/hashicorp/google\"]",
      "instances": [
        {
          "schema_version": 1,
          "attributes": {
            "autoscaling": [],
            "cluster": "gke-cluster",
            "id": "projects/terraform-infra-397515/locations/europe-west2-a/clusters/gke-cluster/nodePools/gke-cluster",
            "initial_node_count": 2,
            "instance_group_urls": [
              "https://www.googleapis.com/compute/v1/projects/terraform-infra-397515/zones/europe-west2-a/instanceGroupManagers/gke-gke-cluster-gke-cluster-fc5a4d24-grp"
            ],
            "location": "europe-west2-a",
            "managed_instance_group_urls": [
              "https://www.googleapis.com/compute/v1/projects/terraform-infra-397515/zones/europe-west2-a/instanceGroups/gke-gke-cluster-gke-cluster-fc5a4d24-grp"
            ],
            "management": [
              {
                "auto_repair": true,
                "auto_upgrade": true
              }
            ],
            "max_pods_per_node": 110,
            "name": "gke-cluster",
            "name_prefix": "",
            "node_config": [
              {
                "boot_disk_kms_key": "",
                "disk_size_gb": 10,
                "disk_type": "pd-balanced",
                "gcfs_config": [],
                "guest_accelerator": [],
                "image_type": "COS_CONTAINERD",
                "labels": {
                  "env": "dev"
                },
                "local_ssd_count": 0,
                "machine_type": "g1-small",
                "metadata": {
                  "disable-legacy-endpoints": "true"
                },
                "min_cpu_platform": "",
                "node_group": "",
                "oauth_scopes": [
                  "https://www.googleapis.com/auth/logging.write",
                  "https://www.googleapis.com/auth/monitoring"
                ],
                "preemptible": true,
                "service_account": "gke-sa@terraform-infra-397515.iam.gserviceaccount.com",
                "shielded_instance_config": [
                  {
                    "enable_integrity_monitoring": true,
                    "enable_secure_boot": false
                  }
                ],
                "tags": null,
                "taint": [],
                "workload_metadata_config": []
              }
            ],
            "node_count": 2,
            "node_locations": [
              "europe-west2-a"
            ],
            "operation": null,
            "project": "terraform-infra-397515",
            "timeouts": null,
            "upgrade_settings": [
              {
                "max_surge": 1,
                "max_unavailable": 0
              }
            ],
            "version": "1.27.3-gke.100"
          },
          "sensitive_attributes": [],
          "private": "eyJlMmJmYjczMC1lY2FhLTExZTYtOGY4OC0zNDM2M2JjN2M0YzAiOnsiY3JlYXRlIjoxODAwMDAwMDAwMDAwLCJkZWxldGUiOjE4MDAwMDAwMDAwMDAsInVwZGF0ZSI6MTgwMDAwMDAwMDAwMH0sInNjaGVtYV92ZXJzaW9uIjoiMSJ9",
          "dependencies": [
            "google_container_cluster.gke-cluster",
            "google_service_account.gke-sa"
          ]
        }
      ]
    },
    {
      "mode": "managed",
      "type": "google_project_iam_member",
      "name": "ssh-permissions",
      "provider": "provider[\"registry.terraform.io/hashicorp/google\"]",
      "instances": [
        {
          "schema_version": 0,
          "attributes": {
            "condition": [],
            "etag": "BwYEJ+uVPtQ=",
            "id": "terraform-infra-397515/roles/iap.tunnelResourceAccessor/serviceAccount:infra-admin@terraform-infra-397515.iam.gserviceaccount.com",
            "member": "serviceAccount:infra-admin@terraform-infra-397515.iam.gserviceaccount.com",
            "project": "terraform-infra-397515",
            "role": "roles/iap.tunnelResourceAccessor"
          },
          "sensitive_attributes": [],
          "private": "bnVsbA=="
        }
      ]
    },
    {
      "mode": "managed",
      "type": "google_service_account",
      "name": "gke-sa",
      "provider": "provider[\"registry.terraform.io/hashicorp/google\"]",
      "instances": [
        {
          "schema_version": 0,
          "attributes": {
            "account_id": "gke-sa",
            "description": "",
            "disabled": false,
            "display_name": "Service Account for GKE nodes",
            "email": "gke-sa@terraform-infra-397515.iam.gserviceaccount.com",
            "id": "projects/terraform-infra-397515/serviceAccounts/gke-sa@terraform-infra-397515.iam.gserviceaccount.com",
            "name": "projects/terraform-infra-397515/serviceAccounts/gke-sa@terraform-infra-397515.iam.gserviceaccount.com",
            "project": "terraform-infra-397515",
            "timeouts": null,
            "unique_id": "114104833557699513910"
          },
          "sensitive_attributes": [],
          "private": "eyJlMmJmYjczMC1lY2FhLTExZTYtOGY4OC0zNDM2M2JjN2M0YzAiOnsiY3JlYXRlIjozMDAwMDAwMDAwMDB9fQ=="
        }
      ]
    },
    {
      "module": "module.cloud-nat",
      "mode": "managed",
      "type": "google_compute_router_nat",
      "name": "main",
      "provider": "provider[\"registry.terraform.io/hashicorp/google\"]",
      "instances": [
        {
          "schema_version": 0,
          "attributes": {
            "drain_nat_ips": [],
            "enable_endpoint_independent_mapping": true,
            "icmp_idle_timeout_sec": 30,
            "id": "terraform-infra-397515/europe-west2/nat-router/nat-config",
            "log_config": [],
            "min_ports_per_vm": 64,
            "name": "nat-config",
            "nat_ip_allocate_option": "AUTO_ONLY",
            "nat_ips": [],
            "project": "terraform-infra-397515",
            "region": "europe-west2",
            "router": "nat-router",
            "source_subnetwork_ip_ranges_to_nat": "ALL_SUBNETWORKS_ALL_IP_RANGES",
            "subnetwork": [],
            "tcp_established_idle_timeout_sec": 1200,
            "tcp_transitory_idle_timeout_sec": 30,
            "timeouts": null,
            "udp_idle_timeout_sec": 30
          },
          "sensitive_attributes": [],
          "private": "eyJlMmJmYjczMC1lY2FhLTExZTYtOGY4OC0zNDM2M2JjN2M0YzAiOnsiY3JlYXRlIjo2MDAwMDAwMDAwMDAsImRlbGV0ZSI6NjAwMDAwMDAwMDAwLCJ1cGRhdGUiOjYwMDAwMDAwMDAwMH19",
          "dependencies": [
            "google_compute_network.vpc-terraform",
            "google_compute_router.router",
            "module.cloud-nat.google_compute_router.router",
            "module.cloud-nat.random_string.name_suffix"
          ]
        }
      ]
    },
    {
      "module": "module.cloud-nat",
      "mode": "managed",
      "type": "random_string",
      "name": "name_suffix",
      "provider": "provider[\"registry.terraform.io/hashicorp/random\"]",
      "instances": [
        {
          "schema_version": 2,
          "attributes": {
            "id": "wmr2dp",
            "keepers": null,
            "length": 6,
            "lower": true,
            "min_lower": 0,
            "min_numeric": 0,
            "min_special": 0,
            "min_upper": 0,
            "number": true,
            "numeric": true,
            "override_special": null,
            "result": "wmr2dp",
            "special": false,
            "upper": false
          },
          "sensitive_attributes": []
        }
      ]
    }
  ],
  "check_results": null
}
